<?xml version="1.0" encoding="utf-8"?>
<Project ToolsVersion="4.0" xmlns="http://schemas.microsoft.com/developer/msbuild/2003">
  <ItemGroup>
    <Filter Include="src">
      <UniqueIdentifier>{2DAB880B-99B4-887C-2230-9F7C8E38947C}</UniqueIdentifier>
    </Filter>
    <Filter Include="src\Kure">
      <UniqueIdentifier>{335021CF-1F1D-7CDA-4836-6A823462B168}</UniqueIdentifier>
    </Filter>
    <Filter Include="src\Kure\Core">
      <UniqueIdentifier>{6B8CE382-D74C-5FB9-A087-A8360C07A495}</UniqueIdentifier>
    </Filter>
    <Filter Include="src\Kure\Events">
      <UniqueIdentifier>{B7641ACF-23F0-8793-2C01-0B88980BE493}</UniqueIdentifier>
    </Filter>
    <Filter Include="src\Kure\ImGui">
      <UniqueIdentifier>{9DDFBFDF-89AD-B3E5-7241-240C5EAE8F4A}</UniqueIdentifier>
    </Filter>
    <Filter Include="src\Kure\Renderer">
      <UniqueIdentifier>{397D41F6-A593-3F8C-EE0A-CBAD5A601014}</UniqueIdentifier>
    </Filter>
    <Filter Include="src\Platform">
      <UniqueIdentifier>{21CA02E5-0D2D-9289-B6B2-CA3FA2F45D0C}</UniqueIdentifier>
    </Filter>
    <Filter Include="src\Platform\OpenGL">
      <UniqueIdentifier>{35A49437-A105-7245-2A73-B8F796D3A804}</UniqueIdentifier>
    </Filter>
    <Filter Include="src\Platform\Windows">
      <UniqueIdentifier>{5B054582-4794-CE4B-F0B2-E246DC20DFF1}</UniqueIdentifier>
    </Filter>
    <Filter Include="vendor">
      <UniqueIdentifier>{B3738122-9F15-ACF8-88D0-BF4C74113349}</UniqueIdentifier>
    </Filter>
    <Filter Include="vendor\stb">
      <UniqueIdentifier>{8BD3C5A8-778B-07F6-E092-E051CC69A2E6}</UniqueIdentifier>
    </Filter>
  </ItemGroup>
  <ItemGroup>
    <ClInclude Include="src\Kure.h">
      <Filter>src</Filter>
    </ClInclude>
    <ClInclude Include="src\Kure\Application.h">
      <Filter>src\Kure</Filter>
    </ClInclude>
    <ClInclude Include="src\Kure\Core.h">
      <Filter>src\Kure</Filter>
    </ClInclude>
    <ClInclude Include="src\Kure\Core\TimeStep.h">
      <Filter>src\Kure\Core</Filter>
    </ClInclude>
    <ClInclude Include="src\Kure\EntryPoint.h">
      <Filter>src\Kure</Filter>
    </ClInclude>
    <ClInclude Include="src\Kure\Events\ApplicationEvent.h">
      <Filter>src\Kure\Events</Filter>
    </ClInclude>
    <ClInclude Include="src\Kure\Events\Event.h">
      <Filter>src\Kure\Events</Filter>
    </ClInclude>
    <ClInclude Include="src\Kure\Events\KeyEvent.h">
      <Filter>src\Kure\Events</Filter>
    </ClInclude>
    <ClInclude Include="src\Kure\Events\MouseEvent.h">
      <Filter>src\Kure\Events</Filter>
    </ClInclude>
    <ClInclude Include="src\Kure\ImGui\ImGuiLayer.h">
      <Filter>src\Kure\ImGui</Filter>
    </ClInclude>
    <ClInclude Include="src\Kure\Input.h">
      <Filter>src\Kure</Filter>
    </ClInclude>
    <ClInclude Include="src\Kure\KeyCodes.h">
      <Filter>src\Kure</Filter>
    </ClInclude>
    <ClInclude Include="src\Kure\Layer.h">
      <Filter>src\Kure</Filter>
    </ClInclude>
    <ClInclude Include="src\Kure\LayerStack.h">
      <Filter>src\Kure</Filter>
    </ClInclude>
    <ClInclude Include="src\Kure\Log.h">
      <Filter>src\Kure</Filter>
    </ClInclude>
    <ClInclude Include="src\Kure\MouseButtonCodes.h">
      <Filter>src\Kure</Filter>
    </ClInclude>
    <ClInclude Include="src\Kure\Renderer\Buffer.h">
      <Filter>src\Kure\Renderer</Filter>
    </ClInclude>
    <ClInclude Include="src\Kure\Renderer\Camera.h">
      <Filter>src\Kure\Renderer</Filter>
    </ClInclude>
    <ClInclude Include="src\Kure\Renderer\Context.h">
      <Filter>src\Kure\Renderer</Filter>
    </ClInclude>
    <ClInclude Include="src\Kure\Renderer\OrthographicCamera.h">
      <Filter>src\Kure\Renderer</Filter>
    </ClInclude>
    <ClInclude Include="src\Kure\Renderer\RenderCommand.h">
      <Filter>src\Kure\Renderer</Filter>
    </ClInclude>
    <ClInclude Include="src\Kure\Renderer\Renderer.h">
      <Filter>src\Kure\Renderer</Filter>
    </ClInclude>
    <ClInclude Include="src\Kure\Renderer\RendererAPI.h">
      <Filter>src\Kure\Renderer</Filter>
    </ClInclude>
    <ClInclude Include="src\Kure\Renderer\Shader.h">
      <Filter>src\Kure\Renderer</Filter>
    </ClInclude>
    <ClInclude Include="src\Kure\Renderer\Texture.h">
      <Filter>src\Kure\Renderer</Filter>
    </ClInclude>
    <ClInclude Include="src\Kure\Renderer\VertexArray.h">
      <Filter>src\Kure\Renderer</Filter>
    </ClInclude>
    <ClInclude Include="src\Kure\Window.h">
      <Filter>src\Kure</Filter>
    </ClInclude>
    <ClInclude Include="src\Kure\WindowsInput.h">
      <Filter>src\Kure</Filter>
    </ClInclude>
    <ClInclude Include="src\Platform\OpenGL\OpenGLBuffer.h">
      <Filter>src\Platform\OpenGL</Filter>
    </ClInclude>
    <ClInclude Include="src\Platform\OpenGL\OpenGLContext.h">
      <Filter>src\Platform\OpenGL</Filter>
    </ClInclude>
    <ClInclude Include="src\Platform\OpenGL\OpenGLRendererAPI.h">
      <Filter>src\Platform\OpenGL</Filter>
    </ClInclude>
    <ClInclude Include="src\Platform\OpenGL\OpenGLShader.h">
      <Filter>src\Platform\OpenGL</Filter>
    </ClInclude>
    <ClInclude Include="src\Platform\OpenGL\OpenGLTexture.h">
      <Filter>src\Platform\OpenGL</Filter>
    </ClInclude>
    <ClInclude Include="src\Platform\OpenGL\OpenGLVertexArray.h">
      <Filter>src\Platform\OpenGL</Filter>
    </ClInclude>
    <ClInclude Include="src\Platform\Windows\WindowsWindow.h">
      <Filter>src\Platform\Windows</Filter>
    </ClInclude>
    <ClInclude Include="src\krpch.h">
      <Filter>src</Filter>
    </ClInclude>
    <ClInclude Include="vendor\stb\stb_image.h">
      <Filter>vendor\stb</Filter>
    </ClInclude>
  </ItemGroup>
  <ItemGroup>
    <ClCompile Include="src\Kure\Application.cpp">
      <Filter>src\Kure</Filter>
    </ClCompile>
    <ClCompile Include="src\Kure\ImGui\ImGuiBuild.cpp">
      <Filter>src\Kure\ImGui</Filter>
    </ClCompile>
    <ClCompile Include="src\Kure\ImGui\ImGuiLayer.cpp">
      <Filter>src\Kure\ImGui</Filter>
    </ClCompile>
    <ClCompile Include="src\Kure\Layer.cpp">
      <Filter>src\Kure</Filter>
    </ClCompile>
    <ClCompile Include="src\Kure\LayerStack.cpp">
      <Filter>src\Kure</Filter>
    </ClCompile>
    <ClCompile Include="src\Kure\Log.cpp">
      <Filter>src\Kure</Filter>
    </ClCompile>
    <ClCompile Include="src\Kure\Renderer\Buffer.cpp">
      <Filter>src\Kure\Renderer</Filter>
    </ClCompile>
    <ClCompile Include="src\Kure\Renderer\Camera.cpp">
      <Filter>src\Kure\Renderer</Filter>
    </ClCompile>
    <ClCompile Include="src\Kure\Renderer\OrthographicCamera.cpp">
      <Filter>src\Kure\Renderer</Filter>
    </ClCompile>
    <ClCompile Include="src\Kure\Renderer\RenderCommand.cpp">
      <Filter>src\Kure\Renderer</Filter>
    </ClCompile>
    <ClCompile Include="src\Kure\Renderer\Renderer.cpp">
      <Filter>src\Kure\Renderer</Filter>
    </ClCompile>
    <ClCompile Include="src\Kure\Renderer\RendererAPI.cpp">
      <Filter>src\Kure\Renderer</Filter>
    </ClCompile>
    <ClCompile Include="src\Kure\Renderer\Shader.cpp">
      <Filter>src\Kure\Renderer</Filter>
    </ClCompile>
    <ClCompile Include="src\Kure\Renderer\Texture.cpp">
      <Filter>src\Kure\Renderer</Filter>
    </ClCompile>
    <ClCompile Include="src\Kure\Renderer\VertexArray.cpp">
      <Filter>src\Kure\Renderer</Filter>
    </ClCompile>
    <ClCompile Include="src\Kure\WindowsInput.cpp">
      <Filter>src\Kure</Filter>
    </ClCompile>
    <ClCompile Include="src\Platform\OpenGL\OpenGLBuffer.cpp">
      <Filter>src\Platform\OpenGL</Filter>
    </ClCompile>
    <ClCompile Include="src\Platform\OpenGL\OpenGLContext.cpp">
      <Filter>src\Platform\OpenGL</Filter>
    </ClCompile>
    <ClCompile Include="src\Platform\OpenGL\OpenGLRendererAPI.cpp">
      <Filter>src\Platform\OpenGL</Filter>
    </ClCompile>
    <ClCompile Include="src\Platform\OpenGL\OpenGLShader.cpp">
      <Filter>src\Platform\OpenGL</Filter>
    </ClCompile>
    <ClCompile Include="src\Platform\OpenGL\OpenGLTexture.cpp">
      <Filter>src\Platform\OpenGL</Filter>
    </ClCompile>
    <ClCompile Include="src\Platform\OpenGL\OpenGLVertexArray.cpp">
      <Filter>src\Platform\OpenGL</Filter>
    </ClCompile>
    <ClCompile Include="src\Platform\Windows\WindowsWindow.cpp">
      <Filter>src\Platform\Windows</Filter>
    </ClCompile>
    <ClCompile Include="src\krpch.cpp">
      <Filter>src</Filter>
    </ClCompile>
    <ClCompile Include="vendor\stb\stb_image.cpp">
      <Filter>vendor\stb</Filter>
    </ClCompile>
  </ItemGroup>
</Project>